{
  "name": "clicster",
  "version": "1.0.0",
  "lockfileVersion": 1,
  "requires": true,
  "dependencies": {
    "angular": {
      "version": "1.5.9",
      "resolved": "https://registry.npmjs.org/angular/-/angular-1.5.9.tgz",
      "integrity": "sha1-t67/QtrYeIHga+FrZpD+dm2Gi1E="
    },
    "angular-route": {
      "version": "1.4.4",
      "resolved": "https://registry.npmjs.org/angular-route/-/angular-route-1.4.4.tgz",
      "integrity": "sha1-TX8Rx37h3yzCT2s8FTwuZ46Qbus="
    }
  }
}
